{
  "object": {
    "pins": [
      {
        "package": "async-http-client",
        "repositoryURL": "https://github.com/swift-server/async-http-client.git",
        "state": {
          "branch": null,
          "revision": "037b70291941fe43de668066eb6fb802c5e181d2",
          "version": "1.1.1"
        }
      },
      {
        "package": "async-kit",
        "repositoryURL": "https://github.com/vapor/async-kit.git",
        "state": {
          "branch": null,
          "revision": "48a719dec79ea3cbbc71ca9b29f69df7cd5794cd",
          "version": "1.0.1"
        }
      },
      {
        "package": "aws-sdk-swift",
        "repositoryURL": "https://github.com/swift-aws/aws-sdk-swift.git",
        "state": {
          "branch": null,
          "revision": "eeb30fac3d95a377d8c5bb4b33efed932061f42d",
          "version": "5.0.0-alpha.3"
        }
      },
      {
        "package": "aws-sdk-swift-core",
        "repositoryURL": "https://github.com/swift-aws/aws-sdk-swift-core.git",
        "state": {
          "branch": null,
          "revision": "2f74aff46c249c887b60cc8369d30575757826ea",
          "version": "5.0.0-alpha.3.3"
        }
      },
      {
        "package": "console-kit",
        "repositoryURL": "https://github.com/vapor/console-kit.git",
        "state": {
          "branch": null,
          "revision": "7a97a5ea7fefe61cf2c943242113125b0f396a98",
          "version": "4.1.0"
        }
      },
      {
        "package": "content-api",
        "repositoryURL": "https://github.com/binarybirds/content-api.git",
        "state": {
          "branch": null,
          "revision": "e1c7d49a571758a1e897de4285e9392338443f2e",
          "version": "1.0.4"
        }
      },
      {
        "package": "fluent",
        "repositoryURL": "https://github.com/vapor/fluent.git",
        "state": {
          "branch": null,
          "revision": "e681c93df3201a2d8ceef15e8a9a0634578df233",
          "version": "4.0.0"
        }
      },
      {
        "package": "fluent-kit",
        "repositoryURL": "https://github.com/vapor/fluent-kit.git",
        "state": {
          "branch": null,
          "revision": "7396d1ac4fa7d510b1c280351e98b8192a4ec34b",
          "version": "1.0.0"
        }
      },
      {
        "package": "fluent-postgres-driver",
        "repositoryURL": "https://github.com/vapor/fluent-postgres-driver",
        "state": {
          "branch": null,
          "revision": "cf8ec53b87606dc799a07a0754a297b32cf9f592",
          "version": "2.0.0"
        }
      },
      {
        "package": "fluent-sqlite-driver",
        "repositoryURL": "https://github.com/vapor/fluent-sqlite-driver.git",
        "state": {
          "branch": null,
          "revision": "a9f4313e78f68b41c91d8057ee8269c9beb1e4d5",
          "version": "4.0.0-rc.2"
        }
      },
      {
        "package": "leaf",
        "repositoryURL": "https://github.com/vapor/leaf.git",
        "state": {
          "branch": null,
          "revision": "409ad1c610c503335d2033062199c3c2778bffd9",
          "version": "4.0.0-rc.1.2"
        }
      },
      {
        "package": "leaf-kit",
        "repositoryURL": "https://github.com/vapor/leaf-kit.git",
        "state": {
          "branch": null,
          "revision": "6e579ba3b9497a8e85d3a7a506fe0c943799037c",
          "version": "1.0.0-rc.1.6"
        }
      },
      {
        "package": "liquid",
        "repositoryURL": "https://github.com/binarybirds/liquid.git",
        "state": {
          "branch": null,
          "revision": "8c7e219fb92c4e4ce8462eb0497732398b974120",
          "version": "1.0.2"
        }
      },
      {
        "package": "liquid-aws-s3-driver",
        "repositoryURL": "https://github.com/binarybirds/liquid-aws-s3-driver.git",
        "state": {
          "branch": null,
          "revision": "a3bc96fc2b0dd6a78020024d8c42cbd4bc2822f5",
          "version": "1.0.3"
        }
      },
      {
        "package": "liquid-kit",
        "repositoryURL": "https://github.com/binarybirds/liquid-kit.git",
        "state": {
          "branch": null,
          "revision": "6e5eeb0290c98f3bdc13271a2bc27391b1b43062",
          "version": "1.0.2"
        }
      },
      {
        "package": "liquid-local-driver",
        "repositoryURL": "https://github.com/binarybirds/liquid-local-driver.git",
        "state": {
          "branch": null,
          "revision": "71e52d765311b8cbedc3412b3d4e111a49c7ec2b",
          "version": "1.0.2"
        }
      },
      {
        "package": "postgres-kit",
        "repositoryURL": "https://github.com/vapor/postgres-kit.git",
        "state": {
          "branch": null,
          "revision": "e43a32baec80ebbcfed4d0330d0be50eb73434c7",
          "version": "2.0.1"
        }
      },
      {
        "package": "postgres-nio",
        "repositoryURL": "https://github.com/vapor/postgres-nio.git",
        "state": {
          "branch": null,
          "revision": "25aa31fdd55ea119edee270ce4bd7bd4bd59fdf7",
          "version": "1.1.0"
        }
      },
      {
        "package": "routing-kit",
        "repositoryURL": "https://github.com/vapor/routing-kit.git",
        "state": {
          "branch": null,
          "revision": "e7f2d5bd36dc65a9edb303541cb678515a7fece3",
          "version": "4.1.0"
        }
      },
      {
        "package": "sql-kit",
        "repositoryURL": "https://github.com/vapor/sql-kit.git",
        "state": {
          "branch": null,
          "revision": "3800a6f5fe5cb781420ebe059ff93392bc67cb9c",
          "version": "3.1.0"
        }
      },
      {
        "package": "sqlite-kit",
        "repositoryURL": "https://github.com/vapor/sqlite-kit.git",
        "state": {
          "branch": null,
          "revision": "9259e3948dbc4f8e6a1e761423483e10931c03c9",
          "version": "4.0.0-rc.1.1"
        }
      },
      {
        "package": "sqlite-nio",
        "repositoryURL": "https://github.com/vapor/sqlite-nio.git",
        "state": {
          "branch": null,
          "revision": "af884d7f01f4dd93b2844c1f0dd2bf0fd24f04d3",
          "version": "1.0.0-rc.1.1"
        }
      },
      {
        "package": "swift-backtrace",
        "repositoryURL": "https://github.com/swift-server/swift-backtrace.git",
        "state": {
          "branch": null,
          "revision": "f2fd8c4845a123419c348e0bc4b3839c414077d5",
          "version": "1.2.0"
        }
      },
      {
        "package": "swift-crypto",
        "repositoryURL": "https://github.com/apple/swift-crypto.git",
        "state": {
          "branch": null,
          "revision": "d67ac68d09a95443303e9d6e37b34e7ba101d5f1",
          "version": "1.0.1"
        }
      },
      {
        "package": "swift-log",
        "repositoryURL": "https://github.com/apple/swift-log.git",
        "state": {
          "branch": null,
          "revision": "74d7b91ceebc85daf387ebb206003f78813f71aa",
          "version": "1.2.0"
        }
      },
      {
        "package": "swift-metrics",
        "repositoryURL": "https://github.com/apple/swift-metrics.git",
        "state": {
          "branch": null,
          "revision": "708b960b4605abb20bc55d65abf6bad607252200",
          "version": "2.0.0"
        }
      },
      {
        "package": "swift-nio",
        "repositoryURL": "https://github.com/apple/swift-nio.git",
        "state": {
          "branch": null,
          "revision": "40bdad80882d307abe2c0bb36cf3bd4d3e03fe04",
          "version": "2.16.1"
        }
      },
      {
        "package": "swift-nio-extras",
        "repositoryURL": "https://github.com/apple/swift-nio-extras.git",
        "state": {
          "branch": null,
          "revision": "e0e76733600a2806b3dc4feae8cfebace858c1a2",
          "version": "1.4.1"
        }
      },
      {
        "package": "swift-nio-http2",
        "repositoryURL": "https://github.com/apple/swift-nio-http2.git",
        "state": {
          "branch": null,
          "revision": "82eb3fa0974b838358ee46bc6c5381e5ae5de6b9",
          "version": "1.11.0"
        }
      },
      {
        "package": "swift-nio-ssl",
        "repositoryURL": "https://github.com/apple/swift-nio-ssl.git",
        "state": {
          "branch": null,
          "revision": "ae213938e151964aa691f0e902462fbe06baeeb6",
          "version": "2.7.1"
        }
      },
      {
        "package": "swift-nio-transport-services",
        "repositoryURL": "https://github.com/apple/swift-nio-transport-services.git",
        "state": {
          "branch": null,
          "revision": "2ac8fde712c1b1a147ecb7065824a40d2c09d0cb",
          "version": "1.6.0"
        }
      },
      {
        "package": "vapor",
        "repositoryURL": "https://github.com/vapor/vapor.git",
        "state": {
          "branch": null,
          "revision": "75ee9c8453945e6ff8b1e95ed9e4c742fdb38540",
          "version": "4.9.0"
        }
      },
      {
        "package": "view-kit",
        "repositoryURL": "https://github.com/binarybirds/view-kit.git",
        "state": {
          "branch": null,
          "revision": "03284ad7d18499ffb8d28451e5fb37d162e578ba",
          "version": "1.1.4"
        }
      },
      {
        "package": "viper-kit",
        "repositoryURL": "https://github.com/binarybirds/viper-kit.git",
        "state": {
          "branch": null,
          "revision": "8c7afa4bff7a1644ab505ba41ac025ea7cdcc742",
          "version": "1.2.4"
        }
      },
      {
        "package": "websocket-kit",
        "repositoryURL": "https://github.com/vapor/websocket-kit.git",
        "state": {
          "branch": null,
          "revision": "021edd1ca55451ad15b3e84da6b4064e4b877b34",
          "version": "2.1.0"
        }
      }
    ]
  },
  "version": 1
}
